
Microsoft Visual Studio Solution File, Format Version 12.00
# Visual Studio 15
Project("{FAE04EC0-301F-11D3-BF4B-00C04F79EFBC}") = "Assembly-CSharp", "Assembly-CSharp.csproj", "{FBACDE3F-CA5F-7613-6C63-4850DDE224DF}"
EndProject
Global
	GlobalSection(SolutionConfigurationPlatforms) = preSolution
		Debug|Any CPU = Debug|Any CPU
		Release|Any CPU = Release|Any CPU
	EndGlobalSection
	GlobalSection(ProjectConfigurationPlatforms) = postSolution
		{FBACDE3F-CA5F-7613-6C63-4850DDE224DF}.Debug|Any CPU.ActiveCfg = Debug|Any CPU
		{FBACDE3F-CA5F-7613-6C63-4850DDE224DF}.Debug|Any CPU.Build.0 = Debug|Any CPU
		{FBACDE3F-CA5F-7613-6C63-4850DDE224DF}.Release|Any CPU.ActiveCfg = Release|Any CPU
		{FBACDE3F-CA5F-7613-6C63-4850DDE224DF}.Release|Any CPU.Build.0 = Release|Any CPU
	EndGlobalSection
	GlobalSection(SolutionProperties) = preSolution
		HideSolutionNode = FALSE
	EndGlobalSection
EndGlobal
